// !$*UTF8*$!
{
	archiveVersion = 1;
	classes = {
	};
	objectVersion = 50;
	objects = {

/* Begin PBXBuildFile section */
		2B379332223F3EF90031A47F /* AppDelegate.swift in Sources */ = {isa = PBXBuildFile; fileRef = 2B379331223F3EF90031A47F /* AppDelegate.swift */; };
		2B379334223F3EF90031A47F /* ViewController.swift in Sources */ = {isa = PBXBuildFile; fileRef = 2B379333223F3EF90031A47F /* ViewController.swift */; };
		2B379337223F3EF90031A47F /* Main.storyboard in Resources */ = {isa = PBXBuildFile; fileRef = 2B379335223F3EF90031A47F /* Main.storyboard */; };
		2B379339223F3EFB0031A47F /* Assets.xcassets in Resources */ = {isa = PBXBuildFile; fileRef = 2B379338223F3EFB0031A47F /* Assets.xcassets */; };
		2B37933C223F3EFB0031A47F /* LaunchScreen.storyboard in Resources */ = {isa = PBXBuildFile; fileRef = 2B37933A223F3EFB0031A47F /* LaunchScreen.storyboard */; };
		2B379347223F3EFB0031A47F /* InterviewTests.swift in Sources */ = {isa = PBXBuildFile; fileRef = 2B379346223F3EFB0031A47F /* InterviewTests.swift */; };
		2B379352223F3EFB0031A47F /* InterviewUITests.swift in Sources */ = {isa = PBXBuildFile; fileRef = 2B379351223F3EFB0031A47F /* InterviewUITests.swift */; };
		43E29FE7D6CC28CF44C65DB2 /* Pods_InterviewTests.framework in Frameworks */ = {isa = PBXBuildFile; fileRef = 7E81B39EEF78DBEB03E8938F /* Pods_InterviewTests.framework */; };
		6B8DEC1F094F86A559646436 /* Pods_InterviewUITests.framework in Frameworks */ = {isa = PBXBuildFile; fileRef = 2ECC870CC88661F305E3B3A7 /* Pods_InterviewUITests.framework */; };
		9BE9909EE7A6E463CC152A7A /* Pods_Interview.framework in Frameworks */ = {isa = PBXBuildFile; fileRef = E6FF0A18FD31BC7895E9D4B3 /* Pods_Interview.framework */; };
/* End PBXBuildFile section */

/* Begin PBXContainerItemProxy section */
		2B379343223F3EFB0031A47F /* PBXContainerItemProxy */ = {
			isa = PBXContainerItemProxy;
			containerPortal = 2B379326223F3EF90031A47F /* Project object */;
			proxyType = 1;
			remoteGlobalIDString = 2B37932D223F3EF90031A47F;
			remoteInfo = Interview;
		};
		2B37934E223F3EFB0031A47F /* PBXContainerItemProxy */ = {
			isa = PBXContainerItemProxy;
			containerPortal = 2B379326223F3EF90031A47F /* Project object */;
			proxyType = 1;
			remoteGlobalIDString = 2B37932D223F3EF90031A47F;
			remoteInfo = Interview;
		};
/* End PBXContainerItemProxy section */

/* Begin PBXFileReference section */
		2B37932E223F3EF90031A47F /* Interview.app */ = {isa = PBXFileReference; explicitFileType = wrapper.application; includeInIndex = 0; path = Interview.app; sourceTree = BUILT_PRODUCTS_DIR; };
		2B379331223F3EF90031A47F /* AppDelegate.swift */ = {isa = PBXFileReference; lastKnownFileType = sourcecode.swift; path = AppDelegate.swift; sourceTree = "<group>"; };
		2B379333223F3EF90031A47F /* ViewController.swift */ = {isa = PBXFileReference; lastKnownFileType = sourcecode.swift; path = ViewController.swift; sourceTree = "<group>"; };
		2B379336223F3EF90031A47F /* Base */ = {isa = PBXFileReference; lastKnownFileType = file.storyboard; name = Base; path = Base.lproj/Main.storyboard; sourceTree = "<group>"; };
		2B379338223F3EFB0031A47F /* Assets.xcassets */ = {isa = PBXFileReference; lastKnownFileType = folder.assetcatalog; path = Assets.xcassets; sourceTree = "<group>"; };
		2B37933B223F3EFB0031A47F /* Base */ = {isa = PBXFileReference; lastKnownFileType = file.storyboard; name = Base; path = Base.lproj/LaunchScreen.storyboard; sourceTree = "<group>"; };
		2B37933D223F3EFB0031A47F /* Info.plist */ = {isa = PBXFileReference; lastKnownFileType = text.plist.xml; path = Info.plist; sourceTree = "<group>"; };
		2B379342223F3EFB0031A47F /* InterviewTests.xctest */ = {isa = PBXFileReference; explicitFileType = wrapper.cfbundle; includeInIndex = 0; path = InterviewTests.xctest; sourceTree = BUILT_PRODUCTS_DIR; };
		2B379346223F3EFB0031A47F /* InterviewTests.swift */ = {isa = PBXFileReference; lastKnownFileType = sourcecode.swift; path = InterviewTests.swift; sourceTree = "<group>"; };
		2B379348223F3EFB0031A47F /* Info.plist */ = {isa = PBXFileReference; lastKnownFileType = text.plist.xml; path = Info.plist; sourceTree = "<group>"; };
		2B37934D223F3EFB0031A47F /* InterviewUITests.xctest */ = {isa = PBXFileReference; explicitFileType = wrapper.cfbundle; includeInIndex = 0; path = InterviewUITests.xctest; sourceTree = BUILT_PRODUCTS_DIR; };
		2B379351223F3EFB0031A47F /* InterviewUITests.swift */ = {isa = PBXFileReference; lastKnownFileType = sourcecode.swift; path = InterviewUITests.swift; sourceTree = "<group>"; };
		2B379353223F3EFB0031A47F /* Info.plist */ = {isa = PBXFileReference; lastKnownFileType = text.plist.xml; path = Info.plist; sourceTree = "<group>"; };
		2B37935F223F40120031A47F /* Interview-Bridging-Header.h */ = {isa = PBXFileReference; lastKnownFileType = sourcecode.c.h; path = "Interview-Bridging-Header.h"; sourceTree = "<group>"; };
		2ECC870CC88661F305E3B3A7 /* Pods_InterviewUITests.framework */ = {isa = PBXFileReference; explicitFileType = wrapper.framework; includeInIndex = 0; path = Pods_InterviewUITests.framework; sourceTree = BUILT_PRODUCTS_DIR; };
		415FC6639F01F89E5EB45B46 /* Pods-InterviewTests.debug.xcconfig */ = {isa = PBXFileReference; includeInIndex = 1; lastKnownFileType = text.xcconfig; name = "Pods-InterviewTests.debug.xcconfig"; path = "Pods/Target Support Files/Pods-InterviewTests/Pods-InterviewTests.debug.xcconfig"; sourceTree = "<group>"; };
		4A2654A879561093CFC642F7 /* Pods-InterviewUITests.debug.xcconfig */ = {isa = PBXFileReference; includeInIndex = 1; lastKnownFileType = text.xcconfig; name = "Pods-InterviewUITests.debug.xcconfig"; path = "Pods/Target Support Files/Pods-InterviewUITests/Pods-InterviewUITests.debug.xcconfig"; sourceTree = "<group>"; };
		6494B2DB966769E73FD8E91A /* Pods-InterviewUITests.release.xcconfig */ = {isa = PBXFileReference; includeInIndex = 1; lastKnownFileType = text.xcconfig; name = "Pods-InterviewUITests.release.xcconfig"; path = "Pods/Target Support Files/Pods-InterviewUITests/Pods-InterviewUITests.release.xcconfig"; sourceTree = "<group>"; };
		6D60720DEBF828B25944A37D /* Pods-Interview.debug.xcconfig */ = {isa = PBXFileReference; includeInIndex = 1; lastKnownFileType = text.xcconfig; name = "Pods-Interview.debug.xcconfig"; path = "Pods/Target Support Files/Pods-Interview/Pods-Interview.debug.xcconfig"; sourceTree = "<group>"; };
		7E37C386895F611D9C420BF3 /* Pods-Interview.release.xcconfig */ = {isa = PBXFileReference; includeInIndex = 1; lastKnownFileType = text.xcconfig; name = "Pods-Interview.release.xcconfig"; path = "Pods/Target Support Files/Pods-Interview/Pods-Interview.release.xcconfig"; sourceTree = "<group>"; };
		7E81B39EEF78DBEB03E8938F /* Pods_InterviewTests.framework */ = {isa = PBXFileReference; explicitFileType = wrapper.framework; includeInIndex = 0; path = Pods_InterviewTests.framework; sourceTree = BUILT_PRODUCTS_DIR; };
		A5F24C5B6CC9FD78AED75860 /* Pods-InterviewTests.release.xcconfig */ = {isa = PBXFileReference; includeInIndex = 1; lastKnownFileType = text.xcconfig; name = "Pods-InterviewTests.release.xcconfig"; path = "Pods/Target Support Files/Pods-InterviewTests/Pods-InterviewTests.release.xcconfig"; sourceTree = "<group>"; };
		E6FF0A18FD31BC7895E9D4B3 /* Pods_Interview.framework */ = {isa = PBXFileReference; explicitFileType = wrapper.framework; includeInIndex = 0; path = Pods_Interview.framework; sourceTree = BUILT_PRODUCTS_DIR; };
/* End PBXFileReference section */

/* Begin PBXFrameworksBuildPhase section */
		2B37932B223F3EF90031A47F /* Frameworks */ = {
			isa = PBXFrameworksBuildPhase;
			buildActionMask = 2147483647;
			files = (
				9BE9909EE7A6E463CC152A7A /* Pods_Interview.framework in Frameworks */,
			);
			runOnlyForDeploymentPostprocessing = 0;
		};
		2B37933F223F3EFB0031A47F /* Frameworks */ = {
			isa = PBXFrameworksBuildPhase;
			buildActionMask = 2147483647;
			files = (
				43E29FE7D6CC28CF44C65DB2 /* Pods_InterviewTests.framework in Frameworks */,
			);
			runOnlyForDeploymentPostprocessing = 0;
		};
		2B37934A223F3EFB0031A47F /* Frameworks */ = {
			isa = PBXFrameworksBuildPhase;
			buildActionMask = 2147483647;
			files = (
				6B8DEC1F094F86A559646436 /* Pods_InterviewUITests.framework in Frameworks */,
			);
			runOnlyForDeploymentPostprocessing = 0;
		};
/* End PBXFrameworksBuildPhase section */

/* Begin PBXGroup section */
		2B379325223F3EF90031A47F = {
			isa = PBXGroup;
			children = (
				2B379330223F3EF90031A47F /* Interview */,
				2B379345223F3EFB0031A47F /* InterviewTests */,
				2B379350223F3EFB0031A47F /* InterviewUITests */,
				2B37932F223F3EF90031A47F /* Products */,
				BA147960F2C6D0AF9DBB3321 /* Pods */,
				85CC17F8CFEC4E78A4A312A4 /* Frameworks */,
			);
			sourceTree = "<group>";
		};
		2B37932F223F3EF90031A47F /* Products */ = {
			isa = PBXGroup;
			children = (
				2B37932E223F3EF90031A47F /* Interview.app */,
				2B379342223F3EFB0031A47F /* InterviewTests.xctest */,
				2B37934D223F3EFB0031A47F /* InterviewUITests.xctest */,
			);
			name = Products;
			sourceTree = "<group>";
		};
		2B379330223F3EF90031A47F /* Interview */ = {
			isa = PBXGroup;
			children = (
				2B379331223F3EF90031A47F /* AppDelegate.swift */,
				2B379333223F3EF90031A47F /* ViewController.swift */,
				2B379335223F3EF90031A47F /* Main.storyboard */,
				2B379338223F3EFB0031A47F /* Assets.xcassets */,
				2B37933A223F3EFB0031A47F /* LaunchScreen.storyboard */,
				2B37933D223F3EFB0031A47F /* Info.plist */,
				2B37935F223F40120031A47F /* Interview-Bridging-Header.h */,
			);
			path = Interview;
			sourceTree = "<group>";
		};
		2B379345223F3EFB0031A47F /* InterviewTests */ = {
			isa = PBXGroup;
			children = (
				2B379346223F3EFB0031A47F /* InterviewTests.swift */,
				2B379348223F3EFB0031A47F /* Info.plist */,
			);
			path = InterviewTests;
			sourceTree = "<group>";
		};
		2B379350223F3EFB0031A47F /* InterviewUITests */ = {
			isa = PBXGroup;
			children = (
				2B379351223F3EFB0031A47F /* InterviewUITests.swift */,
				2B379353223F3EFB0031A47F /* Info.plist */,
			);
			path = InterviewUITests;
			sourceTree = "<group>";
		};
		85CC17F8CFEC4E78A4A312A4 /* Frameworks */ = {
			isa = PBXGroup;
			children = (
				E6FF0A18FD31BC7895E9D4B3 /* Pods_Interview.framework */,
				7E81B39EEF78DBEB03E8938F /* Pods_InterviewTests.framework */,
				2ECC870CC88661F305E3B3A7 /* Pods_InterviewUITests.framework */,
			);
			name = Frameworks;
			sourceTree = "<group>";
		};
		BA147960F2C6D0AF9DBB3321 /* Pods */ = {
			isa = PBXGroup;
			children = (
				6D60720DEBF828B25944A37D /* Pods-Interview.debug.xcconfig */,
				7E37C386895F611D9C420BF3 /* Pods-Interview.release.xcconfig */,
				415FC6639F01F89E5EB45B46 /* Pods-InterviewTests.debug.xcconfig */,
				A5F24C5B6CC9FD78AED75860 /* Pods-InterviewTests.release.xcconfig */,
				4A2654A879561093CFC642F7 /* Pods-InterviewUITests.debug.xcconfig */,
				6494B2DB966769E73FD8E91A /* Pods-InterviewUITests.release.xcconfig */,
			);
			name = Pods;
			sourceTree = "<group>";
		};
/* End PBXGroup section */

/* Begin PBXNativeTarget section */
		2B37932D223F3EF90031A47F /* Interview */ = {
			isa = PBXNativeTarget;
			buildConfigurationList = 2B379356223F3EFB0031A47F /* Build configuration list for PBXNativeTarget "Interview" */;
			buildPhases = (
				87145D7C08AC6F3E99000229 /* [CP] Check Pods Manifest.lock */,
				2B37932A223F3EF90031A47F /* Sources */,
				2B37932B223F3EF90031A47F /* Frameworks */,
				2B37932C223F3EF90031A47F /* Resources */,
				4A8FF4F59742701BEF8B98DE /* [CP] Embed Pods Frameworks */,
			);
			buildRules = (
			);
			dependencies = (
			);
			name = Interview;
			productName = Interview;
			productReference = 2B37932E223F3EF90031A47F /* Interview.app */;
			productType = "com.apple.product-type.application";
		};
		2B379341223F3EFB0031A47F /* InterviewTests */ = {
			isa = PBXNativeTarget;
			buildConfigurationList = 2B379359223F3EFB0031A47F /* Build configuration list for PBXNativeTarget "InterviewTests" */;
			buildPhases = (
				F6400A6502EE0F9549B9B3EE /* [CP] Check Pods Manifest.lock */,
				2B37933E223F3EFB0031A47F /* Sources */,
				2B37933F223F3EFB0031A47F /* Frameworks */,
				2B379340223F3EFB0031A47F /* Resources */,
			);
			buildRules = (
			);
			dependencies = (
				2B379344223F3EFB0031A47F /* PBXTargetDependency */,
			);
			name = InterviewTests;
			productName = InterviewTests;
			productReference = 2B379342223F3EFB0031A47F /* InterviewTests.xctest */;
			productType = "com.apple.product-type.bundle.unit-test";
		};
		2B37934C223F3EFB0031A47F /* InterviewUITests */ = {
			isa = PBXNativeTarget;
			buildConfigurationList = 2B37935C223F3EFB0031A47F /* Build configuration list for PBXNativeTarget "InterviewUITests" */;
			buildPhases = (
				A22220BD1DA37FA73246D099 /* [CP] Check Pods Manifest.lock */,
				2B379349223F3EFB0031A47F /* Sources */,
				2B37934A223F3EFB0031A47F /* Frameworks */,
				2B37934B223F3EFB0031A47F /* Resources */,
			);
			buildRules = (
			);
			dependencies = (
				2B37934F223F3EFB0031A47F /* PBXTargetDependency */,
			);
			name = InterviewUITests;
			productName = InterviewUITests;
			productReference = 2B37934D223F3EFB0031A47F /* InterviewUITests.xctest */;
			productType = "com.apple.product-type.bundle.ui-testing";
		};
/* End PBXNativeTarget section */

/* Begin PBXProject section */
		2B379326223F3EF90031A47F /* Project object */ = {
			isa = PBXProject;
			attributes = {
				LastSwiftUpdateCheck = 1010;
				LastUpgradeCheck = 1010;
				ORGANIZATIONNAME = "王立雄";
				TargetAttributes = {
					2B37932D223F3EF90031A47F = {
						CreatedOnToolsVersion = 10.1;
						LastSwiftMigration = 1010;
					};
					2B379341223F3EFB0031A47F = {
						CreatedOnToolsVersion = 10.1;
						TestTargetID = 2B37932D223F3EF90031A47F;
					};
					2B37934C223F3EFB0031A47F = {
						CreatedOnToolsVersion = 10.1;
						TestTargetID = 2B37932D223F3EF90031A47F;
					};
				};
			};
			buildConfigurationList = 2B379329223F3EF90031A47F /* Build configuration list for PBXProject "Interview" */;
			compatibilityVersion = "Xcode 9.3";
			developmentRegion = en;
			hasScannedForEncodings = 0;
			knownRegions = (
				en,
				Base,
			);
			mainGroup = 2B379325223F3EF90031A47F;
			productRefGroup = 2B37932F223F3EF90031A47F /* Products */;
			projectDirPath = "";
			projectRoot = "";
			targets = (
				2B37932D223F3EF90031A47F /* Interview */,
				2B379341223F3EFB0031A47F /* InterviewTests */,
				2B37934C223F3EFB0031A47F /* InterviewUITests */,
			);
		};
/* End PBXProject section */

/* Begin PBXResourcesBuildPhase section */
		2B37932C223F3EF90031A47F /* Resources */ = {
			isa = PBXResourcesBuildPhase;
			buildActionMask = 2147483647;
			files = (
				2B37933C223F3EFB0031A47F /* LaunchScreen.storyboard in Resources */,
				2B379339223F3EFB0031A47F /* Assets.xcassets in Resources */,
				2B379337223F3EF90031A47F /* Main.storyboard in Resources */,
			);
			runOnlyForDeploymentPostprocessing = 0;
		};
		2B379340223F3EFB0031A47F /* Resources */ = {
			isa = PBXResourcesBuildPhase;
			buildActionMask = 2147483647;
			files = (
			);
			runOnlyForDeploymentPostprocessing = 0;
		};
		2B37934B223F3EFB0031A47F /* Resources */ = {
			isa = PBXResourcesBuildPhase;
			buildActionMask = 2147483647;
			files = (
			);
			runOnlyForDeploymentPostprocessing = 0;
		};
/* End PBXResourcesBuildPhase section */

/* Begin PBXShellScriptBuildPhase section */
		4A8FF4F59742701BEF8B98DE /* [CP] Embed Pods Frameworks */ = {
			isa = PBXShellScriptBuildPhase;
			buildActionMask = 2147483647;
			files = (
			);
			inputFileListPaths = (
			);
			inputPaths = (
				"${SRCROOT}/Pods/Target Support Files/Pods-Interview/Pods-Interview-frameworks.sh",
				"${BUILT_PRODUCTS_DIR}/SVProgressHUD/SVProgressHUD.framework",
			);
			name = "[CP] Embed Pods Frameworks";
			outputFileListPaths = (
			);
			outputPaths = (
				"${TARGET_BUILD_DIR}/${FRAMEWORKS_FOLDER_PATH}/SVProgressHUD.framework",
			);
			runOnlyForDeploymentPostprocessing = 0;
			shellPath = /bin/sh;
			shellScript = "\"${SRCROOT}/Pods/Target Support Files/Pods-Interview/Pods-Interview-frameworks.sh\"\n";
			showEnvVarsInLog = 0;
		};
		87145D7C08AC6F3E99000229 /* [CP] Check Pods Manifest.lock */ = {
			isa = PBXShellScriptBuildPhase;
			buildActionMask = 2147483647;
			files = (
			);
			inputFileListPaths = (
			);
			inputPaths = (
				"${PODS_PODFILE_DIR_PATH}/Podfile.lock",
				"${PODS_ROOT}/Manifest.lock",
			);
			name = "[CP] Check Pods Manifest.lock";
			outputFileListPaths = (
			);
			outputPaths = (
				"$(DERIVED_FILE_DIR)/Pods-Interview-checkManifestLockResult.txt",
			);
			runOnlyForDeploymentPostprocessing = 0;
			shellPath = /bin/sh;
			shellScript = "diff \"${PODS_PODFILE_DIR_PATH}/Podfile.lock\" \"${PODS_ROOT}/Manifest.lock\" > /dev/null\nif [ $? != 0 ] ; then\n    # print error to STDERR\n    echo \"error: The sandbox is not in sync with the Podfile.lock. Run 'pod install' or update your CocoaPods installation.\" >&2\n    exit 1\nfi\n# This output is used by Xcode 'outputs' to avoid re-running this script phase.\necho \"SUCCESS\" > \"${SCRIPT_OUTPUT_FILE_0}\"\n";
			showEnvVarsInLog = 0;
		};
		A22220BD1DA37FA73246D099 /* [CP] Check Pods Manifest.lock */ = {
			isa = PBXShellScriptBuildPhase;
			buildActionMask = 2147483647;
			files = (
			);
			inputFileListPaths = (
			);
			inputPaths = (
				"${PODS_PODFILE_DIR_PATH}/Podfile.lock",
				"${PODS_ROOT}/Manifest.lock",
			);
			name = "[CP] Check Pods Manifest.lock";
			outputFileListPaths = (
			);
			outputPaths = (
				"$(DERIVED_FILE_DIR)/Pods-InterviewUITests-checkManifestLockResult.txt",
			);
			runOnlyForDeploymentPostprocessing = 0;
			shellPath = /bin/sh;
			shellScript = "diff \"${PODS_PODFILE_DIR_PATH}/Podfile.lock\" \"${PODS_ROOT}/Manifest.lock\" > /dev/null\nif [ $? != 0 ] ; then\n    # print error to STDERR\n    echo \"error: The sandbox is not in sync with the Podfile.lock. Run 'pod install' or update your CocoaPods installation.\" >&2\n    exit 1\nfi\n# This output is used by Xcode 'outputs' to avoid re-running this script phase.\necho \"SUCCESS\" > \"${SCRIPT_OUTPUT_FILE_0}\"\n";
			showEnvVarsInLog = 0;
		};
		F6400A6502EE0F9549B9B3EE /* [CP] Check Pods Manifest.lock */ = {
			isa = PBXShellScriptBuildPhase;
			buildActionMask = 2147483647;
			files = (
			);
			inputFileListPaths = (
			);
			inputPaths = (
				"${PODS_PODFILE_DIR_PATH}/Podfile.lock",
				"${PODS_ROOT}/Manifest.lock",
			);
			name = "[CP] Check Pods Manifest.lock";
			outputFileListPaths = (
			);
			outputPaths = (
				"$(DERIVED_FILE_DIR)/Pods-InterviewTests-checkManifestLockResult.txt",
			);
			runOnlyForDeploymentPostprocessing = 0;
			shellPath = /bin/sh;
			shellScript = "diff \"${PODS_PODFILE_DIR_PATH}/Podfile.lock\" \"${PODS_ROOT}/Manifest.lock\" > /dev/null\nif [ $? != 0 ] ; then\n    # print error to STDERR\n    echo \"error: The sandbox is not in sync with the Podfile.lock. Run 'pod install' or update your CocoaPods installation.\" >&2\n    exit 1\nfi\n# This output is used by Xcode 'outputs' to avoid re-running this script phase.\necho \"SUCCESS\" > \"${SCRIPT_OUTPUT_FILE_0}\"\n";
			showEnvVarsInLog = 0;
		};
/* End PBXShellScriptBuildPhase section */

/* Begin PBXSourcesBuildPhase section */
		2B37932A223F3EF90031A47F /* Sources */ = {
			isa = PBXSourcesBuildPhase;
			buildActionMask = 2147483647;
			files = (
				2B379334223F3EF90031A47F /* ViewController.swift in Sources */,
				2B379332223F3EF90031A47F /* AppDelegate.swift in Sources */,
			);
			runOnlyForDeploymentPostprocessing = 0;
		};
		2B37933E223F3EFB0031A47F /* Sources */ = {
			isa = PBXSourcesBuildPhase;
			buildActionMask = 2147483647;
			files = (
				2B379347223F3EFB0031A47F /* InterviewTests.swift in Sources */,
			);
			runOnlyForDeploymentPostprocessing = 0;
		};
		2B379349223F3EFB0031A47F /* Sources */ = {
			isa = PBXSourcesBuildPhase;
			buildActionMask = 2147483647;
			files = (
				2B379352223F3EFB0031A47F /* InterviewUITests.swift in Sources */,
			);
			runOnlyForDeploymentPostprocessing = 0;
		};
/* End PBXSourcesBuildPhase section */

/* Begin PBXTargetDependency section */
		2B379344223F3EFB0031A47F /* PBXTargetDependency */ = {
			isa = PBXTargetDependency;
			target = 2B37932D223F3EF90031A47F /* Interview */;
			targetProxy = 2B379343223F3EFB0031A47F /* PBXContainerItemProxy */;
		};
		2B37934F223F3EFB0031A47F /* PBXTargetDependency */ = {
			isa = PBXTargetDependency;
			target = 2B37932D223F3EF90031A47F /* Interview */;
			targetProxy = 2B37934E223F3EFB0031A47F /* PBXContainerItemProxy */;
		};
/* End PBXTargetDependency section */

/* Begin PBXVariantGroup section */
		2B379335223F3EF90031A47F /* Main.storyboard */ = {
			isa = PBXVariantGroup;
			children = (
				2B379336223F3EF90031A47F /* Base */,
			);
			name = Main.storyboard;
			sourceTree = "<group>";
		};
		2B37933A223F3EFB0031A47F /* LaunchScreen.storyboard */ = {
			isa = PBXVariantGroup;
			children = (
				2B37933B223F3EFB0031A47F /* Base */,
			);
			name = LaunchScreen.storyboard;
			sourceTree = "<group>";
		};
/* End PBXVariantGroup section */

/* Begin XCBuildConfiguration section */
		2B379354223F3EFB0031A47F /* Debug */ = {
			isa = XCBuildConfiguration;
			buildSettings = {
				ALWAYS_SEARCH_USER_PATHS = NO;
				CLANG_ANALYZER_NONNULL = YES;
				CLANG_ANALYZER_NUMBER_OBJECT_CONVERSION = YES_AGGRESSIVE;
				CLANG_CXX_LANGUAGE_STANDARD = "gnu++14";
				CLANG_CXX_LIBRARY = "libc++";
				CLANG_ENABLE_MODULES = YES;
				CLANG_ENABLE_OBJC_ARC = YES;
				CLANG_ENABLE_OBJC_WEAK = YES;
				CLANG_WARN_BLOCK_CAPTURE_AUTORELEASING = YES;
				CLANG_WARN_BOOL_CONVERSION = YES;
				CLANG_WARN_COMMA = YES;
				CLANG_WARN_CONSTANT_CONVERSION = YES;
				CLANG_WARN_DEPRECATED_OBJC_IMPLEMENTATIONS = YES;
				CLANG_WARN_DIRECT_OBJC_ISA_USAGE = YES_ERROR;
				CLANG_WARN_DOCUMENTATION_COMMENTS = YES;
				CLANG_WARN_EMPTY_BODY = YES;
				CLANG_WARN_ENUM_CONVERSION = YES;
				CLANG_WARN_INFINITE_RECURSION = YES;
				CLANG_WARN_INT_CONVERSION = YES;
				CLANG_WARN_NON_LITERAL_NULL_CONVERSION = YES;
				CLANG_WARN_OBJC_IMPLICIT_RETAIN_SELF = YES;
				CLANG_WARN_OBJC_LITERAL_CONVERSION = YES;
				CLANG_WARN_OBJC_ROOT_CLASS = YES_ERROR;
				CLANG_WARN_RANGE_LOOP_ANALYSIS = YES;
				CLANG_WARN_STRICT_PROTOTYPES = YES;
				CLANG_WARN_SUSPICIOUS_MOVE = YES;
				CLANG_WARN_UNGUARDED_AVAILABILITY = YES_AGGRESSIVE;
				CLANG_WARN_UNREACHABLE_CODE = YES;
				CLANG_WARN__DUPLICATE_METHOD_MATCH = YES;
				CODE_SIGN_IDENTITY = "iPhone Developer";
				COPY_PHASE_STRIP = NO;
				DEBUG_INFORMATION_FORMAT = dwarf;
				ENABLE_STRICT_OBJC_MSGSEND = YES;
				ENABLE_TESTABILITY = YES;
				GCC_C_LANGUAGE_STANDARD = gnu11;
				GCC_DYNAMIC_NO_PIC = NO;
				GCC_NO_COMMON_BLOCKS = YES;
				GCC_OPTIMIZATION_LEVEL = 0;
				GCC_PREPROCESSOR_DEFINITIONS = (
					"DEBUG=1",
					"$(inherited)",
				);
				GCC_WARN_64_TO_32_BIT_CONVERSION = YES;
				GCC_WARN_ABOUT_RETURN_TYPE = YES_ERROR;
				GCC_WARN_UNDECLARED_SELECTOR = YES;
				GCC_WARN_UNINITIALIZED_AUTOS = YES_AGGRESSIVE;
				GCC_WARN_UNUSED_FUNCTION = YES;
				GCC_WARN_UNUSED_VARIABLE = YES;
				IPHONEOS_DEPLOYMENT_TARGET = 12.1;
				MTL_ENABLE_DEBUG_INFO = INCLUDE_SOURCE;
				MTL_FAST_MATH = YES;
				ONLY_ACTIVE_ARCH = YES;
				SDKROOT = iphoneos;
				SWIFT_ACTIVE_COMPILATION_CONDITIONS = DEBUG;
				SWIFT_OPTIMIZATION_LEVEL = "-Onone";
			};
			name = Debug;
		};
		2B379355223F3EFB0031A47F /* Release */ = {
			isa = XCBuildConfiguration;
			buildSettings = {
				ALWAYS_SEARCH_USER_PATHS = NO;
				CLANG_ANALYZER_NONNULL = YES;
				CLANG_ANALYZER_NUMBER_OBJECT_CONVERSION = YES_AGGRESSIVE;
				CLANG_CXX_LANGUAGE_STANDARD = "gnu++14";
				CLANG_CXX_LIBRARY = "libc++";
				CLANG_ENABLE_MODULES = YES;
				CLANG_ENABLE_OBJC_ARC = YES;
				CLANG_ENABLE_OBJC_WEAK = YES;
				CLANG_WARN_BLOCK_CAPTURE_AUTORELEASING = YES;
				CLANG_WARN_BOOL_CONVERSION = YES;
				CLANG_WARN_COMMA = YES;
				CLANG_WARN_CONSTANT_CONVERSION = YES;
				CLANG_WARN_DEPRECATED_OBJC_IMPLEMENTATIONS = YES;
				CLANG_WARN_DIRECT_OBJC_ISA_USAGE = YES_ERROR;
				CLANG_WARN_DOCUMENTATION_COMMENTS = YES;
				CLANG_WARN_EMPTY_BODY = YES;
				CLANG_WARN_ENUM_CONVERSION = YES;
				CLANG_WARN_INFINITE_RECURSION = YES;
				CLANG_WARN_INT_CONVERSION = YES;
				CLANG_WARN_NON_LITERAL_NULL_CONVERSION = YES;
				CLANG_WARN_OBJC_IMPLICIT_RETAIN_SELF = YES;
				CLANG_WARN_OBJC_LITERAL_CONVERSION = YES;
				CLANG_WARN_OBJC_ROOT_CLASS = YES_ERROR;
				CLANG_WARN_RANGE_LOOP_ANALYSIS = YES;
				CLANG_WARN_STRICT_PROTOTYPES = YES;
				CLANG_WARN_SUSPICIOUS_MOVE = YES;
				CLANG_WARN_UNGUARDED_AVAILABILITY = YES_AGGRESSIVE;
				CLANG_WARN_UNREACHABLE_CODE = YES;
				CLANG_WARN__DUPLICATE_METHOD_MATCH = YES;
				CODE_SIGN_IDENTITY = "iPhone Developer";
				COPY_PHASE_STRIP = NO;
				DEBUG_INFORMATION_FORMAT = "dwarf-with-dsym";
				ENABLE_NS_ASSERTIONS = NO;
				ENABLE_STRICT_OBJC_MSGSEND = YES;
				GCC_C_LANGUAGE_STANDARD = gnu11;
				GCC_NO_COMMON_BLOCKS = YES;
				GCC_WARN_64_TO_32_BIT_CONVERSION = YES;
				GCC_WARN_ABOUT_RETURN_TYPE = YES_ERROR;
				GCC_WARN_UNDECLARED_SELECTOR = YES;
				GCC_WARN_UNINITIALIZED_AUTOS = YES_AGGRESSIVE;
				GCC_WARN_UNUSED_FUNCTION = YES;
				GCC_WARN_UNUSED_VARIABLE = YES;
				IPHONEOS_DEPLOYMENT_TARGET = 12.1;
				MTL_ENABLE_DEBUG_INFO = NO;
				MTL_FAST_MATH = YES;
				SDKROOT = iphoneos;
				SWIFT_COMPILATION_MODE = wholemodule;
				SWIFT_OPTIMIZATION_LEVEL = "-O";
				VALIDATE_PRODUCT = YES;
			};
			name = Release;
		};
		2B379357223F3EFB0031A47F /* Debug */ = {
			isa = XCBuildConfiguration;
			baseConfigurationReference = 6D60720DEBF828B25944A37D /* Pods-Interview.debug.xcconfig */;
			buildSettings = {
				ASSETCATALOG_COMPILER_APPICON_NAME = AppIcon;
				CLANG_ENABLE_MODULES = YES;
				CODE_SIGN_STYLE = Automatic;
				DEVELOPMENT_TEAM = 975H672HH8;
				INFOPLIST_FILE = Interview/Info.plist;
				IPHONEOS_DEPLOYMENT_TARGET = 8.0;
				LD_RUNPATH_SEARCH_PATHS = (
					"$(inherited)",
					"@executable_path/Frameworks",
				);
				PRODUCT_BUNDLE_IDENTIFIER = wlx.Interview;
				PRODUCT_NAME = "$(TARGET_NAME)";
				SWIFT_OBJC_BRIDGING_HEADER = "Interview/Interview-Bridging-Header.h";
				SWIFT_OPTIMIZATION_LEVEL = "-Onone";
				SWIFT_VERSION = 4.2;
				TARGETED_DEVICE_FAMILY = "1,2";
			};
			name = Debug;
		};
		2B379358223F3EFB0031A47F /* Release */ = {
			isa = XCBuildConfiguration;
			baseConfigurationReference = 7E37C386895F611D9C420BF3 /* Pods-Interview.release.xcconfig */;
			buildSettings = {
				ASSETCATALOG_COMPILER_APPICON_NAME = AppIcon;
				CLANG_ENABLE_MODULES = YES;
				CODE_SIGN_STYLE = Automatic;
				DEVELOPMENT_TEAM = 975H672HH8;
				INFOPLIST_FILE = Interview/Info.plist;
				IPHONEOS_DEPLOYMENT_TARGET = 8.0;
				LD_RUNPATH_SEARCH_PATHS = (
					"$(inherited)",
					"@executable_path/Frameworks",
				);
				PRODUCT_BUNDLE_IDENTIFIER = wlx.Interview;
				PRODUCT_NAME = "$(TARGET_NAME)";
				SWIFT_OBJC_BRIDGING_HEADER = "Interview/Interview-Bridging-Header.h";
				SWIFT_VERSION = 4.2;
				TARGETED_DEVICE_FAMILY = "1,2";
			};
			name = Release;
		};
		2B37935A223F3EFB0031A47F /* Debug */ = {
			isa = XCBuildConfiguration;
			baseConfigurationReference = 415FC6639F01F89E5EB45B46 /* Pods-InterviewTests.debug.xcconfig */;
			buildSettings = {
				ALWAYS_EMBED_SWIFT_STANDARD_LIBRARIES = YES;
				BUNDLE_LOADER = "$(TEST_HOST)";
				CODE_SIGN_STYLE = Automatic;
				INFOPLIST_FILE = InterviewTests/Info.plist;
				LD_RUNPATH_SEARCH_PATHS = (
					"$(inherited)",
					"@executable_path/Frameworks",
					"@loader_path/Frameworks",
				);
				PRODUCT_BUNDLE_IDENTIFIER = wlx.InterviewTests;
				PRODUCT_NAME = "$(TARGET_NAME)";
				SWIFT_VERSION = 4.2;
				TARGETED_DEVICE_FAMILY = "1,2";
				TEST_HOST = "$(BUILT_PRODUCTS_DIR)/Interview.app/Interview";
			};
			name = Debug;
		};
		2B37935B223F3EFB0031A47F /* Release */ = {
			isa = XCBuildConfiguration;
			baseConfigurationReference = A5F24C5B6CC9FD78AED75860 /* Pods-InterviewTests.release.xcconfig */;
			buildSettings = {
				ALWAYS_EMBED_SWIFT_STANDARD_LIBRARIES = YES;
				BUNDLE_LOADER = "$(TEST_HOST)";
				CODE_SIGN_STYLE = Automatic;
				INFOPLIST_FILE = InterviewTests/Info.plist;
				LD_RUNPATH_SEARCH_PATHS = (
					"$(inherited)",
					"@executable_path/Frameworks",
					"@loader_path/Frameworks",
				);
				PRODUCT_BUNDLE_IDENTIFIER = wlx.InterviewTests;
				PRODUCT_NAME = "$(TARGET_NAME)";
				SWIFT_VERSION = 4.2;
				TARGETED_DEVICE_FAMILY = "1,2";
				TEST_HOST = "$(BUILT_PRODUCTS_DIR)/Interview.app/Interview";
			};
			name = Release;
		};
		2B37935D223F3EFB0031A47F /* Debug */ = {
			isa = XCBuildConfiguration;
			baseConfigurationReference = 4A2654A879561093CFC642F7 /* Pods-InterviewUITests.debug.xcconfig */;
			buildSettings = {
				ALWAYS_EMBED_SWIFT_STANDARD_LIBRARIES = YES;
				CODE_SIGN_STYLE = Automatic;
				INFOPLIST_FILE = InterviewUITests/Info.plist;
				LD_RUNPATH_SEARCH_PATHS = (
					"$(inherited)",
					"@executable_path/Frameworks",
					"@loader_path/Frameworks",
				);
				PRODUCT_BUNDLE_IDENTIFIER = wlx.InterviewUITests;
				PRODUCT_NAME = "$(TARGET_NAME)";
				SWIFT_VERSION = 4.2;
				TARGETED_DEVICE_FAMILY = "1,2";
				TEST_TARGET_NAME = Interview;
			};
			name = Debug;
		};
		2B37935E223F3EFB0031A47F /* Release */ = {
			isa = XCBuildConfiguration;
			baseConfigurationReference = 6494B2DB966769E73FD8E91A /* Pods-InterviewUITests.release.xcconfig */;
			buildSettings = {
				ALWAYS_EMBED_SWIFT_STANDARD_LIBRARIES = YES;
				CODE_SIGN_STYLE = Automatic;
				INFOPLIST_FILE = InterviewUITests/Info.plist;
				LD_RUNPATH_SEARCH_PATHS = (
					"$(inherited)",
					"@executable_path/Frameworks",
					"@loader_path/Frameworks",
				);
				PRODUCT_BUNDLE_IDENTIFIER = wlx.InterviewUITests;
				PRODUCT_NAME = "$(TARGET_NAME)";
				SWIFT_VERSION = 4.2;
				TARGETED_DEVICE_FAMILY = "1,2";
				TEST_TARGET_NAME = Interview;
			};
			name = Release;
		};
/* End XCBuildConfiguration section */

/* Begin XCConfigurationList section */
		2B379329223F3EF90031A47F /* Build configuration list for PBXProject "Interview" */ = {
			isa = XCConfigurationList;
			buildConfigurations = (
				2B379354223F3EFB0031A47F /* Debug */,
				2B379355223F3EFB0031A47F /* Release */,
			);
			defaultConfigurationIsVisible = 0;
			defaultConfigurationName = Release;
		};
		2B379356223F3EFB0031A47F /* Build configuration list for PBXNativeTarget "Interview" */ = {
			isa = XCConfigurationList;
			buildConfigurations = (
				2B379357223F3EFB0031A47F /* Debug */,
				2B379358223F3EFB0031A47F /* Release */,
			);
			defaultConfigurationIsVisible = 0;
			defaultConfigurationName = Release;
		};
		2B379359223F3EFB0031A47F /* Build configuration list for PBXNativeTarget "InterviewTests" */ = {
			isa = XCConfigurationList;
			buildConfigurations = (
				2B37935A223F3EFB0031A47F /* Debug */,
				2B37935B223F3EFB0031A47F /* Release */,
			);
			defaultConfigurationIsVisible = 0;
			defaultConfigurationName = Release;
		};
		2B37935C223F3EFB0031A47F /* Build configuration list for PBXNativeTarget "InterviewUITests" */ = {
			isa = XCConfigurationList;
			buildConfigurations = (
				2B37935D223F3EFB0031A47F /* Debug */,
				2B37935E223F3EFB0031A47F /* Release */,
			);
			defaultConfigurationIsVisible = 0;
			defaultConfigurationName = Release;
		};
/* End XCConfigurationList section */
	};
	rootObject = 2B379326223F3EF90031A47F /* Project object */;
}
